
Microsoft Visual Studio Solution File, Format Version 12.00
# Visual Studio Version 17
VisualStudioVersion = 17.2.32616.157
MinimumVisualStudioVersion = 10.0.40219.1
Project("{2150E333-8FDC-42A3-9474-1A3956D46DE8}") = "Core", "Core", "{75C810FB-D4AA-4646-BD64-3C768ECD6AD0}"
EndProject
Project("{9A19103F-16F7-4668-BE54-9A1E7A4F7556}") = "CarBook.Domain", "Core\CarBook.Domain\CarBook.Domain.csproj", "{C2CB2281-D2EA-489E-963F-E9ED847042FF}"
EndProject
Project("{2150E333-8FDC-42A3-9474-1A3956D46DE8}") = "Infrastructure", "Infrastructure", "{9DC79EF0-9C2A-451F-9E52-FABE256AE15D}"
EndProject
Project("{9A19103F-16F7-4668-BE54-9A1E7A4F7556}") = "CarBook.Persistence", "Infrastructure\CarBook.Persistence\CarBook.Persistence.csproj", "{13427B2D-0395-4F14-8859-8B1973F70802}"
EndProject
Project("{2150E333-8FDC-42A3-9474-1A3956D46DE8}") = "Presentation", "Presentation", "{F4F819D8-1434-4E4E-B215-AF1B32A1A03D}"
EndProject
Project("{9A19103F-16F7-4668-BE54-9A1E7A4F7556}") = "CarBook.WebApi", "Presentation\CarBook.WebApi\CarBook.WebApi.csproj", "{86FDA782-20ED-4DC3-8628-D1D972FC8DD4}"
EndProject
Project("{9A19103F-16F7-4668-BE54-9A1E7A4F7556}") = "CarBook.Application", "Core\CarBook.Application\CarBook.Application.csproj", "{54C32B92-7BB2-4936-B088-BF2E0F33ACB2}"
EndProject
Project("{2150E333-8FDC-42A3-9474-1A3956D46DE8}") = "Frontends", "Frontends", "{D9F9B6BD-9717-4079-8F52-F1D5C6F0B27A}"
EndProject
Project("{9A19103F-16F7-4668-BE54-9A1E7A4F7556}") = "CarBook.WebUI", "Frontends\CarBook.WebUI\CarBook.WebUI.csproj", "{3790F423-0801-4ABB-B862-8927B5A52066}"
EndProject
Project("{9A19103F-16F7-4668-BE54-9A1E7A4F7556}") = "CarBook.Dto", "Frontends\CarBook.Dto\CarBook.Dto.csproj", "{A003B04D-D002-46A0-923B-B63C18B7C02D}"
EndProject
Project("{2150E333-8FDC-42A3-9474-1A3956D46DE8}") = "ToDoList", "ToDoList", "{CB9B74CB-C029-44F0-A181-DB2CD3321327}"
	ProjectSection(SolutionItems) = preProject
		StatisticList.txt = StatisticList.txt
	EndProjectSection
EndProject
Global
	GlobalSection(SolutionConfigurationPlatforms) = preSolution
		Debug|Any CPU = Debug|Any CPU
		Release|Any CPU = Release|Any CPU
	EndGlobalSection
	GlobalSection(ProjectConfigurationPlatforms) = postSolution
		{C2CB2281-D2EA-489E-963F-E9ED847042FF}.Debug|Any CPU.ActiveCfg = Debug|Any CPU
		{C2CB2281-D2EA-489E-963F-E9ED847042FF}.Debug|Any CPU.Build.0 = Debug|Any CPU
		{C2CB2281-D2EA-489E-963F-E9ED847042FF}.Release|Any CPU.ActiveCfg = Release|Any CPU
		{C2CB2281-D2EA-489E-963F-E9ED847042FF}.Release|Any CPU.Build.0 = Release|Any CPU
		{13427B2D-0395-4F14-8859-8B1973F70802}.Debug|Any CPU.ActiveCfg = Debug|Any CPU
		{13427B2D-0395-4F14-8859-8B1973F70802}.Debug|Any CPU.Build.0 = Debug|Any CPU
		{13427B2D-0395-4F14-8859-8B1973F70802}.Release|Any CPU.ActiveCfg = Release|Any CPU
		{13427B2D-0395-4F14-8859-8B1973F70802}.Release|Any CPU.Build.0 = Release|Any CPU
		{86FDA782-20ED-4DC3-8628-D1D972FC8DD4}.Debug|Any CPU.ActiveCfg = Debug|Any CPU
		{86FDA782-20ED-4DC3-8628-D1D972FC8DD4}.Debug|Any CPU.Build.0 = Debug|Any CPU
		{86FDA782-20ED-4DC3-8628-D1D972FC8DD4}.Release|Any CPU.ActiveCfg = Release|Any CPU
		{86FDA782-20ED-4DC3-8628-D1D972FC8DD4}.Release|Any CPU.Build.0 = Release|Any CPU
		{54C32B92-7BB2-4936-B088-BF2E0F33ACB2}.Debug|Any CPU.ActiveCfg = Debug|Any CPU
		{54C32B92-7BB2-4936-B088-BF2E0F33ACB2}.Debug|Any CPU.Build.0 = Debug|Any CPU
		{54C32B92-7BB2-4936-B088-BF2E0F33ACB2}.Release|Any CPU.ActiveCfg = Release|Any CPU
		{54C32B92-7BB2-4936-B088-BF2E0F33ACB2}.Release|Any CPU.Build.0 = Release|Any CPU
		{3790F423-0801-4ABB-B862-8927B5A52066}.Debug|Any CPU.ActiveCfg = Debug|Any CPU
		{3790F423-0801-4ABB-B862-8927B5A52066}.Debug|Any CPU.Build.0 = Debug|Any CPU
		{3790F423-0801-4ABB-B862-8927B5A52066}.Release|Any CPU.ActiveCfg = Release|Any CPU
		{3790F423-0801-4ABB-B862-8927B5A52066}.Release|Any CPU.Build.0 = Release|Any CPU
		{A003B04D-D002-46A0-923B-B63C18B7C02D}.Debug|Any CPU.ActiveCfg = Debug|Any CPU
		{A003B04D-D002-46A0-923B-B63C18B7C02D}.Debug|Any CPU.Build.0 = Debug|Any CPU
		{A003B04D-D002-46A0-923B-B63C18B7C02D}.Release|Any CPU.ActiveCfg = Release|Any CPU
		{A003B04D-D002-46A0-923B-B63C18B7C02D}.Release|Any CPU.Build.0 = Release|Any CPU
	EndGlobalSection
	GlobalSection(SolutionProperties) = preSolution
		HideSolutionNode = FALSE
	EndGlobalSection
	GlobalSection(NestedProjects) = preSolution
		{C2CB2281-D2EA-489E-963F-E9ED847042FF} = {75C810FB-D4AA-4646-BD64-3C768ECD6AD0}
		{13427B2D-0395-4F14-8859-8B1973F70802} = {9DC79EF0-9C2A-451F-9E52-FABE256AE15D}
		{86FDA782-20ED-4DC3-8628-D1D972FC8DD4} = {F4F819D8-1434-4E4E-B215-AF1B32A1A03D}
		{54C32B92-7BB2-4936-B088-BF2E0F33ACB2} = {75C810FB-D4AA-4646-BD64-3C768ECD6AD0}
		{3790F423-0801-4ABB-B862-8927B5A52066} = {D9F9B6BD-9717-4079-8F52-F1D5C6F0B27A}
		{A003B04D-D002-46A0-923B-B63C18B7C02D} = {D9F9B6BD-9717-4079-8F52-F1D5C6F0B27A}
	EndGlobalSection
	GlobalSection(ExtensibilityGlobals) = postSolution
		SolutionGuid = {75A643D0-35A7-43FF-BA6F-72D7542B84F4}
	EndGlobalSection
EndGlobal
